
Microsoft Visual Studio Solution File, Format Version 12.00
# Visual Studio Version 17
VisualStudioVersion = 17.7.34024.191
MinimumVisualStudioVersion = 10.0.40219.1
Project("{FAE04EC0-301F-11D3-BF4B-00C04F79EFBC}") = "LibraryAPI", "LibraryAPI.csproj", "{07B8B22D-193A-4498-9A1C-F4A73E3C0B55}"
EndProject
Global
	GlobalSection(SolutionConfigurationPlatforms) = preSolution
		Debug|Any CPU = Debug|Any CPU
		Release|Any CPU = Release|Any CPU
	EndGlobalSection
	GlobalSection(ProjectConfigurationPlatforms) = postSolution
		{07B8B22D-193A-4498-9A1C-F4A73E3C0B55}.Debug|Any CPU.ActiveCfg = Debug|Any CPU
		{07B8B22D-193A-4498-9A1C-F4A73E3C0B55}.Debug|Any CPU.Build.0 = Debug|Any CPU
		{07B8B22D-193A-4498-9A1C-F4A73E3C0B55}.Release|Any CPU.ActiveCfg = Release|Any CPU
		{07B8B22D-193A-4498-9A1C-F4A73E3C0B55}.Release|Any CPU.Build.0 = Release|Any CPU
	EndGlobalSection
	GlobalSection(SolutionProperties) = preSolution
		HideSolutionNode = FALSE
	EndGlobalSection
	GlobalSection(ExtensibilityGlobals) = postSolution
		SolutionGuid = {ABA18ADE-4128-4F7A-9BA4-3C45DD073BA8}
	EndGlobalSection
EndGlobal
